
Microsoft Visual Studio Solution File, Format Version 12.00
# Visual Studio Version 17
VisualStudioVersion = 17.11.35208.52
MinimumVisualStudioVersion = 10.0.40219.1
Project("{FAE04EC0-301F-11D3-BF4B-00C04F79EFBC}") = "CodeProject2", "CodeProject2\CodeProject2.csproj", "{7263134F-A9CD-46EA-A0BF-DC80964CD0B5}"
EndProject
Global
	GlobalSection(SolutionConfigurationPlatforms) = preSolution
		Debug|Any CPU = Debug|Any CPU
		Release|Any CPU = Release|Any CPU
	EndGlobalSection
	GlobalSection(ProjectConfigurationPlatforms) = postSolution
		{7263134F-A9CD-46EA-A0BF-DC80964CD0B5}.Debug|Any CPU.ActiveCfg = Debug|Any CPU
		{7263134F-A9CD-46EA-A0BF-DC80964CD0B5}.Debug|Any CPU.Build.0 = Debug|Any CPU
		{7263134F-A9CD-46EA-A0BF-DC80964CD0B5}.Release|Any CPU.ActiveCfg = Release|Any CPU
		{7263134F-A9CD-46EA-A0BF-DC80964CD0B5}.Release|Any CPU.Build.0 = Release|Any CPU
	EndGlobalSection
	GlobalSection(SolutionProperties) = preSolution
		HideSolutionNode = FALSE
	EndGlobalSection
	GlobalSection(ExtensibilityGlobals) = postSolution
		SolutionGuid = {64EBB8A5-4919-4053-AB3C-FED9CA11C6DC}
	EndGlobalSection
EndGlobal
