
Microsoft Visual Studio Solution File, Format Version 12.00
# Visual Studio Version 17
VisualStudioVersion = 17.11.35219.272
MinimumVisualStudioVersion = 10.0.40219.1
Project("{FAE04EC0-301F-11D3-BF4B-00C04F79EFBC}") = "ConsoleApp15", "ConsoleApp15\ConsoleApp15.csproj", "{CF3A10ED-F07C-448A-BF6A-351F910413F5}"
EndProject
Global
	GlobalSection(SolutionConfigurationPlatforms) = preSolution
		Debug|Any CPU = Debug|Any CPU
		Release|Any CPU = Release|Any CPU
	EndGlobalSection
	GlobalSection(ProjectConfigurationPlatforms) = postSolution
		{CF3A10ED-F07C-448A-BF6A-351F910413F5}.Debug|Any CPU.ActiveCfg = Debug|Any CPU
		{CF3A10ED-F07C-448A-BF6A-351F910413F5}.Debug|Any CPU.Build.0 = Debug|Any CPU
		{CF3A10ED-F07C-448A-BF6A-351F910413F5}.Release|Any CPU.ActiveCfg = Release|Any CPU
		{CF3A10ED-F07C-448A-BF6A-351F910413F5}.Release|Any CPU.Build.0 = Release|Any CPU
	EndGlobalSection
	GlobalSection(SolutionProperties) = preSolution
		HideSolutionNode = FALSE
	EndGlobalSection
	GlobalSection(ExtensibilityGlobals) = postSolution
		SolutionGuid = {E5CF6E94-8AC3-4EA8-A692-12F5B391BEBB}
	EndGlobalSection
EndGlobal
